// !$*UTF8*$!
{
	archiveVersion = 1;
	classes = {
	};
	objectVersion = 46;
	objects = {

/* Begin PBXBuildFile section */
		14309DF21C22108800ECEBC5 /* SonosUtils.h in Headers */ = {isa = PBXBuildFile; fileRef = 14309DF11C22108800ECEBC5 /* SonosUtils.h */; settings = {ATTRIBUTES = (Public, ); }; };
		14309DFA1C2210A000ECEBC5 /* Transport.swift in Sources */ = {isa = PBXBuildFile; fileRef = 14309DF91C2210A000ECEBC5 /* Transport.swift */; };
		14309DFC1C2210B300ECEBC5 /* WebSocketTransport.swift in Sources */ = {isa = PBXBuildFile; fileRef = 14309DFB1C2210B300ECEBC5 /* WebSocketTransport.swift */; };
		1493A9B01C290C7100FFE2CD /* Socket.swift in Sources */ = {isa = PBXBuildFile; fileRef = 1493A9AF1C290C7100FFE2CD /* Socket.swift */; };
		1493A9B11C291A3700FFE2CD /* SonosUtilsTests.swift in Sources */ = {isa = PBXBuildFile; fileRef = 14FD5EEE1C25484A00B66629 /* SonosUtilsTests.swift */; };
		149D7C441C23AB4700115EDC /* WebSocketHelper.swift in Sources */ = {isa = PBXBuildFile; fileRef = 149D7C431C23AB4700115EDC /* WebSocketHelper.swift */; };
		149D7C511C252FD200115EDC /* SonosUtils.framework in Frameworks */ = {isa = PBXBuildFile; fileRef = 14309DEE1C22108800ECEBC5 /* SonosUtils.framework */; };
		30F294A011AB0E1AC79E93E7 /* Pods_SonosUtils.framework in Frameworks */ = {isa = PBXBuildFile; fileRef = C287731B14B7FE96B866FEC8 /* Pods_SonosUtils.framework */; };
/* End PBXBuildFile section */

/* Begin PBXContainerItemProxy section */
		149D7C521C252FD200115EDC /* PBXContainerItemProxy */ = {
			isa = PBXContainerItemProxy;
			containerPortal = 14309DE51C22108800ECEBC5 /* Project object */;
			proxyType = 1;
			remoteGlobalIDString = 14309DED1C22108800ECEBC5;
			remoteInfo = SonosUtils;
		};
/* End PBXContainerItemProxy section */

/* Begin PBXFileReference section */
		14309DEE1C22108800ECEBC5 /* SonosUtils.framework */ = {isa = PBXFileReference; explicitFileType = wrapper.framework; includeInIndex = 0; path = SonosUtils.framework; sourceTree = BUILT_PRODUCTS_DIR; };
		14309DF11C22108800ECEBC5 /* SonosUtils.h */ = {isa = PBXFileReference; lastKnownFileType = sourcecode.c.h; path = SonosUtils.h; sourceTree = "<group>"; };
		14309DF31C22108800ECEBC5 /* Info.plist */ = {isa = PBXFileReference; lastKnownFileType = text.plist.xml; path = Info.plist; sourceTree = "<group>"; };
		14309DF91C2210A000ECEBC5 /* Transport.swift */ = {isa = PBXFileReference; fileEncoding = 4; lastKnownFileType = sourcecode.swift; path = Transport.swift; sourceTree = "<group>"; };
		14309DFB1C2210B300ECEBC5 /* WebSocketTransport.swift */ = {isa = PBXFileReference; fileEncoding = 4; lastKnownFileType = sourcecode.swift; path = WebSocketTransport.swift; sourceTree = "<group>"; };
		1493A9AF1C290C7100FFE2CD /* Socket.swift */ = {isa = PBXFileReference; fileEncoding = 4; lastKnownFileType = sourcecode.swift; path = Socket.swift; sourceTree = "<group>"; };
		149B16C01C305BD6007D3C3A /* Starscream.framework */ = {isa = PBXFileReference; lastKnownFileType = wrapper.framework; name = Starscream.framework; path = "../build/Debug-iphoneos/Starscream.framework"; sourceTree = "<group>"; };
		149B17071C320D54007D3C3A /* ControlApi.framework */ = {isa = PBXFileReference; lastKnownFileType = wrapper.framework; name = ControlApi.framework; path = "ControlApi/build/Debug-iphoneos/ControlApi.framework"; sourceTree = "<group>"; };
		149D7C431C23AB4700115EDC /* WebSocketHelper.swift */ = {isa = PBXFileReference; fileEncoding = 4; lastKnownFileType = sourcecode.swift; path = WebSocketHelper.swift; sourceTree = "<group>"; };
		149D7C4C1C252FD200115EDC /* SonosUtilsTests.xctest */ = {isa = PBXFileReference; explicitFileType = wrapper.cfbundle; includeInIndex = 0; path = SonosUtilsTests.xctest; sourceTree = BUILT_PRODUCTS_DIR; };
		14C982A51CF4D36600A173BC /* Starscream.framework */ = {isa = PBXFileReference; lastKnownFileType = wrapper.framework; path = Starscream.framework; sourceTree = "<group>"; };
		14C982A71CF4D3D900A173BC /* Pods_SonosSampleApp.framework */ = {isa = PBXFileReference; lastKnownFileType = wrapper.framework; name = Pods_SonosSampleApp.framework; path = "../sonosSampleApp/Build/Products/Debug-iphonesimulator/Pods_SonosSampleApp.framework"; sourceTree = "<group>"; };
		14FD5EEC1C25484A00B66629 /* Info.plist */ = {isa = PBXFileReference; fileEncoding = 4; lastKnownFileType = text.plist.xml; path = Info.plist; sourceTree = "<group>"; };
		14FD5EEE1C25484A00B66629 /* SonosUtilsTests.swift */ = {isa = PBXFileReference; fileEncoding = 4; lastKnownFileType = sourcecode.swift; path = SonosUtilsTests.swift; sourceTree = "<group>"; };
		C287731B14B7FE96B866FEC8 /* Pods_SonosUtils.framework */ = {isa = PBXFileReference; explicitFileType = wrapper.framework; includeInIndex = 0; path = Pods_SonosUtils.framework; sourceTree = BUILT_PRODUCTS_DIR; };
		D074C444C94C32D19592A045 /* Pods-SonosUtils.debug.xcconfig */ = {isa = PBXFileReference; includeInIndex = 1; lastKnownFileType = text.xcconfig; name = "Pods-SonosUtils.debug.xcconfig"; path = "../sonosSampleApp/Pods/Target Support Files/Pods-SonosUtils/Pods-SonosUtils.debug.xcconfig"; sourceTree = "<group>"; };
		D2DDA7590CBCAE179A0B04DC /* Pods-SonosUtils.release.xcconfig */ = {isa = PBXFileReference; includeInIndex = 1; lastKnownFileType = text.xcconfig; name = "Pods-SonosUtils.release.xcconfig"; path = "../sonosSampleApp/Pods/Target Support Files/Pods-SonosUtils/Pods-SonosUtils.release.xcconfig"; sourceTree = "<group>"; };
/* End PBXFileReference section */

/* Begin PBXFrameworksBuildPhase section */
		14309DEA1C22108800ECEBC5 /* Frameworks */ = {
			isa = PBXFrameworksBuildPhase;
			buildActionMask = 2147483647;
			files = (
				30F294A011AB0E1AC79E93E7 /* Pods_SonosUtils.framework in Frameworks */,
			);
			runOnlyForDeploymentPostprocessing = 0;
		};
		149D7C491C252FD200115EDC /* Frameworks */ = {
			isa = PBXFrameworksBuildPhase;
			buildActionMask = 2147483647;
			files = (
				149D7C511C252FD200115EDC /* SonosUtils.framework in Frameworks */,
			);
			runOnlyForDeploymentPostprocessing = 0;
		};
/* End PBXFrameworksBuildPhase section */

/* Begin PBXGroup section */
		006A7B6C27C873504657B41B /* Pods */ = {
			isa = PBXGroup;
			children = (
				D074C444C94C32D19592A045 /* Pods-SonosUtils.debug.xcconfig */,
				D2DDA7590CBCAE179A0B04DC /* Pods-SonosUtils.release.xcconfig */,
			);
			name = Pods;
			sourceTree = "<group>";
		};
		14309DE41C22108800ECEBC5 = {
			isa = PBXGroup;
			children = (
				14309DF01C22108800ECEBC5 /* SonosUtils */,
				14FD5EEB1C25484A00B66629 /* SonosUtilsTests */,
				14309DEF1C22108800ECEBC5 /* Products */,
				C42DFA7007B982DFB93E1656 /* Frameworks */,
				006A7B6C27C873504657B41B /* Pods */,
			);
			sourceTree = "<group>";
		};
		14309DEF1C22108800ECEBC5 /* Products */ = {
			isa = PBXGroup;
			children = (
				14309DEE1C22108800ECEBC5 /* SonosUtils.framework */,
				149D7C4C1C252FD200115EDC /* SonosUtilsTests.xctest */,
			);
			name = Products;
			sourceTree = "<group>";
		};
		14309DF01C22108800ECEBC5 /* SonosUtils */ = {
			isa = PBXGroup;
			children = (
				14309DF11C22108800ECEBC5 /* SonosUtils.h */,
				14309DF31C22108800ECEBC5 /* Info.plist */,
				14309DF91C2210A000ECEBC5 /* Transport.swift */,
				14309DFB1C2210B300ECEBC5 /* WebSocketTransport.swift */,
				149D7C431C23AB4700115EDC /* WebSocketHelper.swift */,
				1493A9AF1C290C7100FFE2CD /* Socket.swift */,
			);
			path = SonosUtils;
			sourceTree = "<group>";
		};
		14C982A41CF4D36600A173BC /* Starscream */ = {
			isa = PBXGroup;
			children = (
				14C982A51CF4D36600A173BC /* Starscream.framework */,
			);
			name = Starscream;
			path = "../sonosSampleApp/Build/Products/Debug-iphonesimulator/Starscream";
			sourceTree = "<group>";
		};
		14FD5EEB1C25484A00B66629 /* SonosUtilsTests */ = {
			isa = PBXGroup;
			children = (
				14FD5EEC1C25484A00B66629 /* Info.plist */,
				14FD5EEE1C25484A00B66629 /* SonosUtilsTests.swift */,
			);
			path = SonosUtilsTests;
			sourceTree = "<group>";
		};
		C42DFA7007B982DFB93E1656 /* Frameworks */ = {
			isa = PBXGroup;
			children = (
				14C982A71CF4D3D900A173BC /* Pods_SonosSampleApp.framework */,
				14C982A41CF4D36600A173BC /* Starscream */,
				149B17071C320D54007D3C3A /* ControlApi.framework */,
				149B16C01C305BD6007D3C3A /* Starscream.framework */,
				C287731B14B7FE96B866FEC8 /* Pods_SonosUtils.framework */,
			);
			name = Frameworks;
			sourceTree = "<group>";
		};
/* End PBXGroup section */

/* Begin PBXHeadersBuildPhase section */
		14309DEB1C22108800ECEBC5 /* Headers */ = {
			isa = PBXHeadersBuildPhase;
			buildActionMask = 2147483647;
			files = (
				14309DF21C22108800ECEBC5 /* SonosUtils.h in Headers */,
			);
			runOnlyForDeploymentPostprocessing = 0;
		};
/* End PBXHeadersBuildPhase section */

/* Begin PBXNativeTarget section */
		14309DED1C22108800ECEBC5 /* SonosUtils */ = {
			isa = PBXNativeTarget;
			buildConfigurationList = 14309DF61C22108800ECEBC5 /* Build configuration list for PBXNativeTarget "SonosUtils" */;
			buildPhases = (
				FF95531A65A0729CE68962D5 /* [CP] Check Pods Manifest.lock */,
				FA3C4A011C91ADBF00FEB58E /* ShellScript */,
				14309DE91C22108800ECEBC5 /* Sources */,
				14309DEA1C22108800ECEBC5 /* Frameworks */,
				14309DEB1C22108800ECEBC5 /* Headers */,
				14309DFD1C22146600ECEBC5 /* Resources */,
				8EF6A861B9E8272130E8020F /* [CP] Copy Pods Resources */,
			);
			buildRules = (
			);
			dependencies = (
			);
			name = SonosUtils;
			productName = SonosUtils;
			productReference = 14309DEE1C22108800ECEBC5 /* SonosUtils.framework */;
			productType = "com.apple.product-type.framework";
		};
		149D7C4B1C252FD200115EDC /* SonosUtilsTests */ = {
			isa = PBXNativeTarget;
			buildConfigurationList = 149D7C541C252FD200115EDC /* Build configuration list for PBXNativeTarget "SonosUtilsTests" */;
			buildPhases = (
				149D7C481C252FD200115EDC /* Sources */,
				149D7C491C252FD200115EDC /* Frameworks */,
				149D7C4A1C252FD200115EDC /* Resources */,
			);
			buildRules = (
			);
			dependencies = (
				149D7C531C252FD200115EDC /* PBXTargetDependency */,
			);
			name = SonosUtilsTests;
			productName = SonosUtilsTests;
			productReference = 149D7C4C1C252FD200115EDC /* SonosUtilsTests.xctest */;
			productType = "com.apple.product-type.bundle.unit-test";
		};
/* End PBXNativeTarget section */

/* Begin PBXProject section */
		14309DE51C22108800ECEBC5 /* Project object */ = {
			isa = PBXProject;
			attributes = {
				LastSwiftUpdateCheck = 0720;
				LastUpgradeCheck = 0810;
				ORGANIZATIONNAME = "Sonos, Inc.";
				TargetAttributes = {
					14309DED1C22108800ECEBC5 = {
						CreatedOnToolsVersion = 7.2;
						LastSwiftMigration = 0810;
					};
					149D7C4B1C252FD200115EDC = {
						CreatedOnToolsVersion = 7.2;
						LastSwiftMigration = 0810;
					};
				};
			};
			buildConfigurationList = 14309DE81C22108800ECEBC5 /* Build configuration list for PBXProject "SonosUtils" */;
			compatibilityVersion = "Xcode 3.2";
			developmentRegion = English;
			hasScannedForEncodings = 0;
			knownRegions = (
				en,
			);
			mainGroup = 14309DE41C22108800ECEBC5;
			productRefGroup = 14309DEF1C22108800ECEBC5 /* Products */;
			projectDirPath = "";
			projectRoot = "";
			targets = (
				14309DED1C22108800ECEBC5 /* SonosUtils */,
				149D7C4B1C252FD200115EDC /* SonosUtilsTests */,
			);
		};
/* End PBXProject section */

/* Begin PBXResourcesBuildPhase section */
		14309DFD1C22146600ECEBC5 /* Resources */ = {
			isa = PBXResourcesBuildPhase;
			buildActionMask = 2147483647;
			files = (
			);
			runOnlyForDeploymentPostprocessing = 0;
		};
		149D7C4A1C252FD200115EDC /* Resources */ = {
			isa = PBXResourcesBuildPhase;
			buildActionMask = 2147483647;
			files = (
			);
			runOnlyForDeploymentPostprocessing = 0;
		};
/* End PBXResourcesBuildPhase section */

/* Begin PBXShellScriptBuildPhase section */
		8EF6A861B9E8272130E8020F /* [CP] Copy Pods Resources */ = {
			isa = PBXShellScriptBuildPhase;
			buildActionMask = 2147483647;
			files = (
			);
			inputPaths = (
			);
			name = "[CP] Copy Pods Resources";
			outputPaths = (
			);
			runOnlyForDeploymentPostprocessing = 0;
			shellPath = /bin/sh;
			shellScript = "\"${SRCROOT}/../sonosSampleApp/Pods/Target Support Files/Pods-SonosUtils/Pods-SonosUtils-resources.sh\"\n";
			showEnvVarsInLog = 0;
		};
		FA3C4A011C91ADBF00FEB58E /* ShellScript */ = {
			isa = PBXShellScriptBuildPhase;
			buildActionMask = 2147483647;
			files = (
			);
			inputPaths = (
			);
			outputPaths = (
			);
			runOnlyForDeploymentPostprocessing = 0;
			shellPath = /bin/sh;
			shellScript = "if which swiftlint >/dev/null; then\n    swiftlint\nelse\n    echo \"warning: SwiftLint not installed, download from https://github.com/realm/SwiftLint\"\nfi";
		};
		FF95531A65A0729CE68962D5 /* [CP] Check Pods Manifest.lock */ = {
			isa = PBXShellScriptBuildPhase;
			buildActionMask = 2147483647;
			files = (
			);
			inputPaths = (
			);
			name = "[CP] Check Pods Manifest.lock";
			outputPaths = (
			);
			runOnlyForDeploymentPostprocessing = 0;
			shellPath = /bin/sh;
			shellScript = "diff \"${PODS_ROOT}/../Podfile.lock\" \"${PODS_ROOT}/Manifest.lock\" > /dev/null\nif [ $? != 0 ] ; then\n    # print error to STDERR\n    echo \"error: The sandbox is not in sync with the Podfile.lock. Run 'pod install' or update your CocoaPods installation.\" >&2\n    exit 1\nfi\n";
			showEnvVarsInLog = 0;
		};
/* End PBXShellScriptBuildPhase section */

/* Begin PBXSourcesBuildPhase section */
		14309DE91C22108800ECEBC5 /* Sources */ = {
			isa = PBXSourcesBuildPhase;
			buildActionMask = 2147483647;
			files = (
				1493A9B01C290C7100FFE2CD /* Socket.swift in Sources */,
				14309DFA1C2210A000ECEBC5 /* Transport.swift in Sources */,
				14309DFC1C2210B300ECEBC5 /* WebSocketTransport.swift in Sources */,
				149D7C441C23AB4700115EDC /* WebSocketHelper.swift in Sources */,
			);
			runOnlyForDeploymentPostprocessing = 0;
		};
		149D7C481C252FD200115EDC /* Sources */ = {
			isa = PBXSourcesBuildPhase;
			buildActionMask = 2147483647;
			files = (
				1493A9B11C291A3700FFE2CD /* SonosUtilsTests.swift in Sources */,
			);
			runOnlyForDeploymentPostprocessing = 0;
		};
/* End PBXSourcesBuildPhase section */

/* Begin PBXTargetDependency section */
		149D7C531C252FD200115EDC /* PBXTargetDependency */ = {
			isa = PBXTargetDependency;
			target = 14309DED1C22108800ECEBC5 /* SonosUtils */;
			targetProxy = 149D7C521C252FD200115EDC /* PBXContainerItemProxy */;
		};
/* End PBXTargetDependency section */

/* Begin XCBuildConfiguration section */
		14309DF41C22108800ECEBC5 /* Debug */ = {
			isa = XCBuildConfiguration;
			buildSettings = {
				ALWAYS_SEARCH_USER_PATHS = NO;
				CLANG_CXX_LANGUAGE_STANDARD = "gnu++0x";
				CLANG_CXX_LIBRARY = "libc++";
				CLANG_ENABLE_MODULES = YES;
				CLANG_ENABLE_OBJC_ARC = YES;
				CLANG_WARN_BOOL_CONVERSION = YES;
				CLANG_WARN_CONSTANT_CONVERSION = YES;
				CLANG_WARN_DIRECT_OBJC_ISA_USAGE = YES_ERROR;
				CLANG_WARN_EMPTY_BODY = YES;
				CLANG_WARN_ENUM_CONVERSION = YES;
				CLANG_WARN_INFINITE_RECURSION = YES;
				CLANG_WARN_INT_CONVERSION = YES;
				CLANG_WARN_OBJC_ROOT_CLASS = YES_ERROR;
				CLANG_WARN_SUSPICIOUS_MOVE = YES;
				CLANG_WARN_UNREACHABLE_CODE = YES;
				CLANG_WARN__DUPLICATE_METHOD_MATCH = YES;
				"CODE_SIGN_IDENTITY[sdk=iphoneos*]" = "iPhone Developer";
				COPY_PHASE_STRIP = NO;
				CURRENT_PROJECT_VERSION = 1;
				DEBUG_INFORMATION_FORMAT = dwarf;
				ENABLE_STRICT_OBJC_MSGSEND = YES;
				ENABLE_TESTABILITY = YES;
				GCC_C_LANGUAGE_STANDARD = gnu99;
				GCC_DYNAMIC_NO_PIC = NO;
				GCC_NO_COMMON_BLOCKS = YES;
				GCC_OPTIMIZATION_LEVEL = 0;
				GCC_PREPROCESSOR_DEFINITIONS = (
					"DEBUG=1",
					"$(inherited)",
				);
				GCC_WARN_64_TO_32_BIT_CONVERSION = YES;
				GCC_WARN_ABOUT_RETURN_TYPE = YES_ERROR;
				GCC_WARN_UNDECLARED_SELECTOR = YES;
				GCC_WARN_UNINITIALIZED_AUTOS = YES_AGGRESSIVE;
				GCC_WARN_UNUSED_FUNCTION = YES;
				GCC_WARN_UNUSED_VARIABLE = YES;
				IPHONEOS_DEPLOYMENT_TARGET = 9.0;
				MTL_ENABLE_DEBUG_INFO = YES;
				ONLY_ACTIVE_ARCH = YES;
				SDKROOT = iphoneos;
				SWIFT_OPTIMIZATION_LEVEL = "-Onone";
				TARGETED_DEVICE_FAMILY = "1,2";
				VERSIONING_SYSTEM = "apple-generic";
				VERSION_INFO_PREFIX = "";
			};
			name = Debug;
		};
		14309DF51C22108800ECEBC5 /* Release */ = {
			isa = XCBuildConfiguration;
			buildSettings = {
				ALWAYS_SEARCH_USER_PATHS = NO;
				CLANG_CXX_LANGUAGE_STANDARD = "gnu++0x";
				CLANG_CXX_LIBRARY = "libc++";
				CLANG_ENABLE_MODULES = YES;
				CLANG_ENABLE_OBJC_ARC = YES;
				CLANG_WARN_BOOL_CONVERSION = YES;
				CLANG_WARN_CONSTANT_CONVERSION = YES;
				CLANG_WARN_DIRECT_OBJC_ISA_USAGE = YES_ERROR;
				CLANG_WARN_EMPTY_BODY = YES;
				CLANG_WARN_ENUM_CONVERSION = YES;
				CLANG_WARN_INFINITE_RECURSION = YES;
				CLANG_WARN_INT_CONVERSION = YES;
				CLANG_WARN_OBJC_ROOT_CLASS = YES_ERROR;
				CLANG_WARN_SUSPICIOUS_MOVE = YES;
				CLANG_WARN_UNREACHABLE_CODE = YES;
				CLANG_WARN__DUPLICATE_METHOD_MATCH = YES;
				"CODE_SIGN_IDENTITY[sdk=iphoneos*]" = "iPhone Developer";
				COPY_PHASE_STRIP = NO;
				CURRENT_PROJECT_VERSION = 1;
				DEBUG_INFORMATION_FORMAT = "dwarf-with-dsym";
				ENABLE_NS_ASSERTIONS = NO;
				ENABLE_STRICT_OBJC_MSGSEND = YES;
				GCC_C_LANGUAGE_STANDARD = gnu99;
				GCC_NO_COMMON_BLOCKS = YES;
				GCC_WARN_64_TO_32_BIT_CONVERSION = YES;
				GCC_WARN_ABOUT_RETURN_TYPE = YES_ERROR;
				GCC_WARN_UNDECLARED_SELECTOR = YES;
				GCC_WARN_UNINITIALIZED_AUTOS = YES_AGGRESSIVE;
				GCC_WARN_UNUSED_FUNCTION = YES;
				GCC_WARN_UNUSED_VARIABLE = YES;
				IPHONEOS_DEPLOYMENT_TARGET = 9.0;
				MTL_ENABLE_DEBUG_INFO = NO;
				SDKROOT = iphoneos;
				SWIFT_OPTIMIZATION_LEVEL = "-Owholemodule";
				TARGETED_DEVICE_FAMILY = "1,2";
				VALIDATE_PRODUCT = YES;
				VERSIONING_SYSTEM = "apple-generic";
				VERSION_INFO_PREFIX = "";
			};
			name = Release;
		};
		14309DF71C22108800ECEBC5 /* Debug */ = {
			isa = XCBuildConfiguration;
			baseConfigurationReference = D074C444C94C32D19592A045 /* Pods-SonosUtils.debug.xcconfig */;
			buildSettings = {
				ALWAYS_SEARCH_USER_PATHS = NO;
				CLANG_ENABLE_MODULES = YES;
				"CODE_SIGN_IDENTITY[sdk=iphoneos*]" = "";
				DEFINES_MODULE = YES;
				DYLIB_COMPATIBILITY_VERSION = 1;
				DYLIB_CURRENT_VERSION = 1;
				DYLIB_INSTALL_NAME_BASE = "@rpath";
				FRAMEWORK_SEARCH_PATHS = "$(inherited)";
				INFOPLIST_FILE = SonosUtils/Info.plist;
				INSTALL_PATH = "";
				IPHONEOS_DEPLOYMENT_TARGET = 9.0;
				LD_RUNPATH_SEARCH_PATHS = "$(inherited) @executable_path/Frameworks @loader_path/Frameworks";
				PRODUCT_BUNDLE_IDENTIFIER = com.sonos.SonosUtils;
				PRODUCT_NAME = "$(TARGET_NAME)";
				SKIP_INSTALL = YES;
				SWIFT_OPTIMIZATION_LEVEL = "-Onone";
				SWIFT_VERSION = 3.0;
			};
			name = Debug;
		};
		14309DF81C22108800ECEBC5 /* Release */ = {
			isa = XCBuildConfiguration;
			baseConfigurationReference = D2DDA7590CBCAE179A0B04DC /* Pods-SonosUtils.release.xcconfig */;
			buildSettings = {
				ALWAYS_SEARCH_USER_PATHS = NO;
				CLANG_ENABLE_MODULES = YES;
				"CODE_SIGN_IDENTITY[sdk=iphoneos*]" = "";
				DEFINES_MODULE = YES;
				DYLIB_COMPATIBILITY_VERSION = 1;
				DYLIB_CURRENT_VERSION = 1;
				DYLIB_INSTALL_NAME_BASE = "@rpath";
				FRAMEWORK_SEARCH_PATHS = "$(inherited)";
				INFOPLIST_FILE = SonosUtils/Info.plist;
				INSTALL_PATH = "";
				IPHONEOS_DEPLOYMENT_TARGET = 9.0;
				LD_RUNPATH_SEARCH_PATHS = "$(inherited) @executable_path/Frameworks @loader_path/Frameworks";
				PRODUCT_BUNDLE_IDENTIFIER = com.sonos.SonosUtils;
				PRODUCT_NAME = "$(TARGET_NAME)";
				SKIP_INSTALL = YES;
				SWIFT_VERSION = 3.0;
			};
			name = Release;
		};
		149D7C551C252FD200115EDC /* Debug */ = {
			isa = XCBuildConfiguration;
			buildSettings = {
				ALWAYS_EMBED_SWIFT_STANDARD_LIBRARIES = YES;
				FRAMEWORK_SEARCH_PATHS = "";
				HEADER_SEARCH_PATHS = "$(PROJECT_DIR)/../third_party/include";
				INFOPLIST_FILE = SonosUtilsTests/Info.plist;
				IPHONEOS_DEPLOYMENT_TARGET = 9.2;
				LD_RUNPATH_SEARCH_PATHS = "$(inherited) @executable_path/Frameworks @loader_path/Frameworks";
				LIBRARY_SEARCH_PATHS = "$(PROJECT_DIR)/../third_party/lib";
				"OTHER_LDFLAGS[arch=*]" = "-ObjC";
				PRODUCT_BUNDLE_IDENTIFIER = com.sonos.SonosUtilsTests;
				PRODUCT_NAME = "$(TARGET_NAME)";
				SWIFT_OBJC_BRIDGING_HEADER = "";
				SWIFT_VERSION = 3.0;
				USER_HEADER_SEARCH_PATHS = "Pods/**";
			};
			name = Debug;
		};
		149D7C561C252FD200115EDC /* Release */ = {
			isa = XCBuildConfiguration;
			buildSettings = {
				ALWAYS_EMBED_SWIFT_STANDARD_LIBRARIES = YES;
				FRAMEWORK_SEARCH_PATHS = "";
				HEADER_SEARCH_PATHS = "$(PROJECT_DIR)/../third_party/include";
				INFOPLIST_FILE = SonosUtilsTests/Info.plist;
				IPHONEOS_DEPLOYMENT_TARGET = 9.2;
				LD_RUNPATH_SEARCH_PATHS = "$(inherited) @executable_path/Frameworks @loader_path/Frameworks";
				LIBRARY_SEARCH_PATHS = "$(PROJECT_DIR)/../third_party/lib";
				"OTHER_LDFLAGS[arch=*]" = "-ObjC";
				PRODUCT_BUNDLE_IDENTIFIER = com.sonos.SonosUtilsTests;
				PRODUCT_NAME = "$(TARGET_NAME)";
				SWIFT_OBJC_BRIDGING_HEADER = "";
				SWIFT_VERSION = 3.0;
				USER_HEADER_SEARCH_PATHS = "Pods/**";
			};
			name = Release;
		};
/* End XCBuildConfiguration section */

/* Begin XCConfigurationList section */
		14309DE81C22108800ECEBC5 /* Build configuration list for PBXProject "SonosUtils" */ = {
			isa = XCConfigurationList;
			buildConfigurations = (
				14309DF41C22108800ECEBC5 /* Debug */,
				14309DF51C22108800ECEBC5 /* Release */,
			);
			defaultConfigurationIsVisible = 0;
			defaultConfigurationName = Release;
		};
		14309DF61C22108800ECEBC5 /* Build configuration list for PBXNativeTarget "SonosUtils" */ = {
			isa = XCConfigurationList;
			buildConfigurations = (
				14309DF71C22108800ECEBC5 /* Debug */,
				14309DF81C22108800ECEBC5 /* Release */,
			);
			defaultConfigurationIsVisible = 0;
			defaultConfigurationName = Release;
		};
		149D7C541C252FD200115EDC /* Build configuration list for PBXNativeTarget "SonosUtilsTests" */ = {
			isa = XCConfigurationList;
			buildConfigurations = (
				149D7C551C252FD200115EDC /* Debug */,
				149D7C561C252FD200115EDC /* Release */,
			);
			defaultConfigurationIsVisible = 0;
			defaultConfigurationName = Release;
		};
/* End XCConfigurationList section */
	};
	rootObject = 14309DE51C22108800ECEBC5 /* Project object */;
}
